
Microsoft Visual Studio Solution File, Format Version 12.00
# Visual Studio Version 16
VisualStudioVersion = 16.0.32002.261
MinimumVisualStudioVersion = 10.0.40219.1
Project("{2150E333-8FDC-42A3-9474-1A3956D46DE8}") = "src", "src", "{5B4906FF-64CC-4A42-A145-221F083EE165}"
EndProject
Project("{9A19103F-16F7-4668-BE54-9A1E7A4F7556}") = "IdentityServer4EntityFramework", "src\IdentityServer4EntityFramework\IdentityServer4EntityFramework.csproj", "{46000F46-B039-49F3-AACD-42E4FBC11E94}"
EndProject
Global
	GlobalSection(SolutionConfigurationPlatforms) = preSolution
		Debug|Any CPU = Debug|Any CPU
		Release|Any CPU = Release|Any CPU
	EndGlobalSection
	GlobalSection(ProjectConfigurationPlatforms) = postSolution
		{46000F46-B039-49F3-AACD-42E4FBC11E94}.Debug|Any CPU.ActiveCfg = Debug|Any CPU
		{46000F46-B039-49F3-AACD-42E4FBC11E94}.Debug|Any CPU.Build.0 = Debug|Any CPU
		{46000F46-B039-49F3-AACD-42E4FBC11E94}.Release|Any CPU.ActiveCfg = Release|Any CPU
		{46000F46-B039-49F3-AACD-42E4FBC11E94}.Release|Any CPU.Build.0 = Release|Any CPU
	EndGlobalSection
	GlobalSection(SolutionProperties) = preSolution
		HideSolutionNode = FALSE
	EndGlobalSection
	GlobalSection(NestedProjects) = preSolution
		{46000F46-B039-49F3-AACD-42E4FBC11E94} = {5B4906FF-64CC-4A42-A145-221F083EE165}
	EndGlobalSection
	GlobalSection(ExtensibilityGlobals) = postSolution
		SolutionGuid = {32B6CD87-BBD9-4A01-82E9-BA1579E4A083}
	EndGlobalSection
EndGlobal
